// !$*UTF8*$!
{
	archiveVersion = 1;
	classes = {
	};
	objectVersion = 56;
	objects = {

/* Begin PBXBuildFile section */
		FE5BA33A2BB49EFE008A27F5 /* ServiceAppApp.swift in Sources */ = {isa = PBXBuildFile; fileRef = FE5BA3392BB49EFE008A27F5 /* ServiceAppApp.swift */; };
		FE5BA33C2BB49EFE008A27F5 /* MainView.swift in Sources */ = {isa = PBXBuildFile; fileRef = FE5BA33B2BB49EFE008A27F5 /* MainView.swift */; };
		FE5BA33E2BB49F02008A27F5 /* Assets.xcassets in Resources */ = {isa = PBXBuildFile; fileRef = FE5BA33D2BB49F02008A27F5 /* Assets.xcassets */; };
		FE5BA3412BB49F02008A27F5 /* Preview Assets.xcassets in Resources */ = {isa = PBXBuildFile; fileRef = FE5BA3402BB49F02008A27F5 /* Preview Assets.xcassets */; };
		FE5BA3482BB49F1C008A27F5 /* LoadManager.swift in Sources */ = {isa = PBXBuildFile; fileRef = FE5BA3472BB49F1C008A27F5 /* LoadManager.swift */; };
		FE5BA34A2BB4A515008A27F5 /* ServiceData.swift in Sources */ = {isa = PBXBuildFile; fileRef = FE5BA3492BB4A515008A27F5 /* ServiceData.swift */; };
		FE5BA3502BB4A6B8008A27F5 /* Kingfisher in Frameworks */ = {isa = PBXBuildFile; productRef = FE5BA34F2BB4A6B8008A27F5 /* Kingfisher */; };
		FE5BA3522BB4A77B008A27F5 /* Kingfisher in Frameworks */ = {isa = PBXBuildFile; productRef = FE5BA3512BB4A77B008A27F5 /* Kingfisher */; };
/* End PBXBuildFile section */

/* Begin PBXFileReference section */
		FE5BA3362BB49EFE008A27F5 /* ServiceApp.app */ = {isa = PBXFileReference; explicitFileType = wrapper.application; includeInIndex = 0; path = ServiceApp.app; sourceTree = BUILT_PRODUCTS_DIR; };
		FE5BA3392BB49EFE008A27F5 /* ServiceAppApp.swift */ = {isa = PBXFileReference; lastKnownFileType = sourcecode.swift; path = ServiceAppApp.swift; sourceTree = "<group>"; };
		FE5BA33B2BB49EFE008A27F5 /* MainView.swift */ = {isa = PBXFileReference; lastKnownFileType = sourcecode.swift; path = MainView.swift; sourceTree = "<group>"; };
		FE5BA33D2BB49F02008A27F5 /* Assets.xcassets */ = {isa = PBXFileReference; lastKnownFileType = folder.assetcatalog; path = Assets.xcassets; sourceTree = "<group>"; };
		FE5BA3402BB49F02008A27F5 /* Preview Assets.xcassets */ = {isa = PBXFileReference; lastKnownFileType = folder.assetcatalog; path = "Preview Assets.xcassets"; sourceTree = "<group>"; };
		FE5BA3472BB49F1C008A27F5 /* LoadManager.swift */ = {isa = PBXFileReference; lastKnownFileType = sourcecode.swift; path = LoadManager.swift; sourceTree = "<group>"; };
		FE5BA3492BB4A515008A27F5 /* ServiceData.swift */ = {isa = PBXFileReference; lastKnownFileType = sourcecode.swift; path = ServiceData.swift; sourceTree = "<group>"; };
/* End PBXFileReference section */

/* Begin PBXFrameworksBuildPhase section */
		FE5BA3332BB49EFE008A27F5 /* Frameworks */ = {
			isa = PBXFrameworksBuildPhase;
			buildActionMask = 2147483647;
			files = (
				FE5BA3522BB4A77B008A27F5 /* Kingfisher in Frameworks */,
				FE5BA3502BB4A6B8008A27F5 /* Kingfisher in Frameworks */,
			);
			runOnlyForDeploymentPostprocessing = 0;
		};
/* End PBXFrameworksBuildPhase section */

/* Begin PBXGroup section */
		FE5BA32D2BB49EFE008A27F5 = {
			isa = PBXGroup;
			children = (
				FE5BA3382BB49EFE008A27F5 /* ServiceApp */,
				FE5BA3372BB49EFE008A27F5 /* Products */,
			);
			sourceTree = "<group>";
		};
		FE5BA3372BB49EFE008A27F5 /* Products */ = {
			isa = PBXGroup;
			children = (
				FE5BA3362BB49EFE008A27F5 /* ServiceApp.app */,
			);
			name = Products;
			sourceTree = "<group>";
		};
		FE5BA3382BB49EFE008A27F5 /* ServiceApp */ = {
			isa = PBXGroup;
			children = (
				FE5BA3392BB49EFE008A27F5 /* ServiceAppApp.swift */,
				FE5BA34B2BB4A56E008A27F5 /* Data */,
				FE5BA34C2BB4A579008A27F5 /* View */,
				FE5BA34D2BB4A596008A27F5 /* Manager */,
				FE5BA33D2BB49F02008A27F5 /* Assets.xcassets */,
				FE5BA33F2BB49F02008A27F5 /* Preview Content */,
			);
			path = ServiceApp;
			sourceTree = "<group>";
		};
		FE5BA33F2BB49F02008A27F5 /* Preview Content */ = {
			isa = PBXGroup;
			children = (
				FE5BA3402BB49F02008A27F5 /* Preview Assets.xcassets */,
			);
			path = "Preview Content";
			sourceTree = "<group>";
		};
		FE5BA34B2BB4A56E008A27F5 /* Data */ = {
			isa = PBXGroup;
			children = (
				FE5BA3492BB4A515008A27F5 /* ServiceData.swift */,
			);
			path = Data;
			sourceTree = "<group>";
		};
		FE5BA34C2BB4A579008A27F5 /* View */ = {
			isa = PBXGroup;
			children = (
				FE5BA33B2BB49EFE008A27F5 /* MainView.swift */,
			);
			name = View;
			sourceTree = "<group>";
		};
		FE5BA34D2BB4A596008A27F5 /* Manager */ = {
			isa = PBXGroup;
			children = (
				FE5BA3472BB49F1C008A27F5 /* LoadManager.swift */,
			);
			path = Manager;
			sourceTree = "<group>";
		};
/* End PBXGroup section */

/* Begin PBXNativeTarget section */
		FE5BA3352BB49EFE008A27F5 /* ServiceApp */ = {
			isa = PBXNativeTarget;
			buildConfigurationList = FE5BA3442BB49F02008A27F5 /* Build configuration list for PBXNativeTarget "ServiceApp" */;
			buildPhases = (
				FE5BA3322BB49EFE008A27F5 /* Sources */,
				FE5BA3332BB49EFE008A27F5 /* Frameworks */,
				FE5BA3342BB49EFE008A27F5 /* Resources */,
			);
			buildRules = (
			);
			dependencies = (
			);
			name = ServiceApp;
			packageProductDependencies = (
				FE5BA34F2BB4A6B8008A27F5 /* Kingfisher */,
				FE5BA3512BB4A77B008A27F5 /* Kingfisher */,
			);
			productName = ServiceApp;
			productReference = FE5BA3362BB49EFE008A27F5 /* ServiceApp.app */;
			productType = "com.apple.product-type.application";
		};
/* End PBXNativeTarget section */

/* Begin PBXProject section */
		FE5BA32E2BB49EFE008A27F5 /* Project object */ = {
			isa = PBXProject;
			attributes = {
				BuildIndependentTargetsInParallel = 1;
				LastSwiftUpdateCheck = 1520;
				LastUpgradeCheck = 1520;
				TargetAttributes = {
					FE5BA3352BB49EFE008A27F5 = {
						CreatedOnToolsVersion = 15.2;
					};
				};
			};
			buildConfigurationList = FE5BA3312BB49EFE008A27F5 /* Build configuration list for PBXProject "ServiceApp" */;
			compatibilityVersion = "Xcode 14.0";
			developmentRegion = en;
			hasScannedForEncodings = 0;
			knownRegions = (
				en,
				Base,
			);
			mainGroup = FE5BA32D2BB49EFE008A27F5;
			packageReferences = (
				FE5BA34E2BB4A6B8008A27F5 /* XCRemoteSwiftPackageReference "Kingfisher" */,
			);
			productRefGroup = FE5BA3372BB49EFE008A27F5 /* Products */;
			projectDirPath = "";
			projectRoot = "";
			targets = (
				FE5BA3352BB49EFE008A27F5 /* ServiceApp */,
			);
		};
/* End PBXProject section */

/* Begin PBXResourcesBuildPhase section */
		FE5BA3342BB49EFE008A27F5 /* Resources */ = {
			isa = PBXResourcesBuildPhase;
			buildActionMask = 2147483647;
			files = (
				FE5BA3412BB49F02008A27F5 /* Preview Assets.xcassets in Resources */,
				FE5BA33E2BB49F02008A27F5 /* Assets.xcassets in Resources */,
			);
			runOnlyForDeploymentPostprocessing = 0;
		};
/* End PBXResourcesBuildPhase section */

/* Begin PBXSourcesBuildPhase section */
		FE5BA3322BB49EFE008A27F5 /* Sources */ = {
			isa = PBXSourcesBuildPhase;
			buildActionMask = 2147483647;
			files = (
				FE5BA33C2BB49EFE008A27F5 /* MainView.swift in Sources */,
				FE5BA33A2BB49EFE008A27F5 /* ServiceAppApp.swift in Sources */,
				FE5BA3482BB49F1C008A27F5 /* LoadManager.swift in Sources */,
				FE5BA34A2BB4A515008A27F5 /* ServiceData.swift in Sources */,
			);
			runOnlyForDeploymentPostprocessing = 0;
		};
/* End PBXSourcesBuildPhase section */

/* Begin XCBuildConfiguration section */
		FE5BA3422BB49F02008A27F5 /* Debug */ = {
			isa = XCBuildConfiguration;
			buildSettings = {
				ALWAYS_SEARCH_USER_PATHS = NO;
				ASSETCATALOG_COMPILER_GENERATE_SWIFT_ASSET_SYMBOL_EXTENSIONS = YES;
				CLANG_ANALYZER_NONNULL = YES;
				CLANG_ANALYZER_NUMBER_OBJECT_CONVERSION = YES_AGGRESSIVE;
				CLANG_CXX_LANGUAGE_STANDARD = "gnu++20";
				CLANG_ENABLE_MODULES = YES;
				CLANG_ENABLE_OBJC_ARC = YES;
				CLANG_ENABLE_OBJC_WEAK = YES;
				CLANG_WARN_BLOCK_CAPTURE_AUTORELEASING = YES;
				CLANG_WARN_BOOL_CONVERSION = YES;
				CLANG_WARN_COMMA = YES;
				CLANG_WARN_CONSTANT_CONVERSION = YES;
				CLANG_WARN_DEPRECATED_OBJC_IMPLEMENTATIONS = YES;
				CLANG_WARN_DIRECT_OBJC_ISA_USAGE = YES_ERROR;
				CLANG_WARN_DOCUMENTATION_COMMENTS = YES;
				CLANG_WARN_EMPTY_BODY = YES;
				CLANG_WARN_ENUM_CONVERSION = YES;
				CLANG_WARN_INFINITE_RECURSION = YES;
				CLANG_WARN_INT_CONVERSION = YES;
				CLANG_WARN_NON_LITERAL_NULL_CONVERSION = YES;
				CLANG_WARN_OBJC_IMPLICIT_RETAIN_SELF = YES;
				CLANG_WARN_OBJC_LITERAL_CONVERSION = YES;
				CLANG_WARN_OBJC_ROOT_CLASS = YES_ERROR;
				CLANG_WARN_QUOTED_INCLUDE_IN_FRAMEWORK_HEADER = YES;
				CLANG_WARN_RANGE_LOOP_ANALYSIS = YES;
				CLANG_WARN_STRICT_PROTOTYPES = YES;
				CLANG_WARN_SUSPICIOUS_MOVE = YES;
				CLANG_WARN_UNGUARDED_AVAILABILITY = YES_AGGRESSIVE;
				CLANG_WARN_UNREACHABLE_CODE = YES;
				CLANG_WARN__DUPLICATE_METHOD_MATCH = YES;
				COPY_PHASE_STRIP = NO;
				DEBUG_INFORMATION_FORMAT = dwarf;
				ENABLE_STRICT_OBJC_MSGSEND = YES;
				ENABLE_TESTABILITY = YES;
				ENABLE_USER_SCRIPT_SANDBOXING = YES;
				GCC_C_LANGUAGE_STANDARD = gnu17;
				GCC_DYNAMIC_NO_PIC = NO;
				GCC_NO_COMMON_BLOCKS = YES;
				GCC_OPTIMIZATION_LEVEL = 0;
				GCC_PREPROCESSOR_DEFINITIONS = (
					"DEBUG=1",
					"$(inherited)",
				);
				GCC_WARN_64_TO_32_BIT_CONVERSION = YES;
				GCC_WARN_ABOUT_RETURN_TYPE = YES_ERROR;
				GCC_WARN_UNDECLARED_SELECTOR = YES;
				GCC_WARN_UNINITIALIZED_AUTOS = YES_AGGRESSIVE;
				GCC_WARN_UNUSED_FUNCTION = YES;
				GCC_WARN_UNUSED_VARIABLE = YES;
				IPHONEOS_DEPLOYMENT_TARGET = 17.2;
				LOCALIZATION_PREFERS_STRING_CATALOGS = YES;
				MTL_ENABLE_DEBUG_INFO = INCLUDE_SOURCE;
				MTL_FAST_MATH = YES;
				ONLY_ACTIVE_ARCH = YES;
				SDKROOT = iphoneos;
				SWIFT_ACTIVE_COMPILATION_CONDITIONS = "DEBUG $(inherited)";
				SWIFT_OPTIMIZATION_LEVEL = "-Onone";
			};
			name = Debug;
		};
		FE5BA3432BB49F02008A27F5 /* Release */ = {
			isa = XCBuildConfiguration;
			buildSettings = {
				ALWAYS_SEARCH_USER_PATHS = NO;
				ASSETCATALOG_COMPILER_GENERATE_SWIFT_ASSET_SYMBOL_EXTENSIONS = YES;
				CLANG_ANALYZER_NONNULL = YES;
				CLANG_ANALYZER_NUMBER_OBJECT_CONVERSION = YES_AGGRESSIVE;
				CLANG_CXX_LANGUAGE_STANDARD = "gnu++20";
				CLANG_ENABLE_MODULES = YES;
				CLANG_ENABLE_OBJC_ARC = YES;
				CLANG_ENABLE_OBJC_WEAK = YES;
				CLANG_WARN_BLOCK_CAPTURE_AUTORELEASING = YES;
				CLANG_WARN_BOOL_CONVERSION = YES;
				CLANG_WARN_COMMA = YES;
				CLANG_WARN_CONSTANT_CONVERSION = YES;
				CLANG_WARN_DEPRECATED_OBJC_IMPLEMENTATIONS = YES;
				CLANG_WARN_DIRECT_OBJC_ISA_USAGE = YES_ERROR;
				CLANG_WARN_DOCUMENTATION_COMMENTS = YES;
				CLANG_WARN_EMPTY_BODY = YES;
				CLANG_WARN_ENUM_CONVERSION = YES;
				CLANG_WARN_INFINITE_RECURSION = YES;
				CLANG_WARN_INT_CONVERSION = YES;
				CLANG_WARN_NON_LITERAL_NULL_CONVERSION = YES;
				CLANG_WARN_OBJC_IMPLICIT_RETAIN_SELF = YES;
				CLANG_WARN_OBJC_LITERAL_CONVERSION = YES;
				CLANG_WARN_OBJC_ROOT_CLASS = YES_ERROR;
				CLANG_WARN_QUOTED_INCLUDE_IN_FRAMEWORK_HEADER = YES;
				CLANG_WARN_RANGE_LOOP_ANALYSIS = YES;
				CLANG_WARN_STRICT_PROTOTYPES = YES;
				CLANG_WARN_SUSPICIOUS_MOVE = YES;
				CLANG_WARN_UNGUARDED_AVAILABILITY = YES_AGGRESSIVE;
				CLANG_WARN_UNREACHABLE_CODE = YES;
				CLANG_WARN__DUPLICATE_METHOD_MATCH = YES;
				COPY_PHASE_STRIP = NO;
				DEBUG_INFORMATION_FORMAT = "dwarf-with-dsym";
				ENABLE_NS_ASSERTIONS = NO;
				ENABLE_STRICT_OBJC_MSGSEND = YES;
				ENABLE_USER_SCRIPT_SANDBOXING = YES;
				GCC_C_LANGUAGE_STANDARD = gnu17;
				GCC_NO_COMMON_BLOCKS = YES;
				GCC_WARN_64_TO_32_BIT_CONVERSION = YES;
				GCC_WARN_ABOUT_RETURN_TYPE = YES_ERROR;
				GCC_WARN_UNDECLARED_SELECTOR = YES;
				GCC_WARN_UNINITIALIZED_AUTOS = YES_AGGRESSIVE;
				GCC_WARN_UNUSED_FUNCTION = YES;
				GCC_WARN_UNUSED_VARIABLE = YES;
				IPHONEOS_DEPLOYMENT_TARGET = 17.2;
				LOCALIZATION_PREFERS_STRING_CATALOGS = YES;
				MTL_ENABLE_DEBUG_INFO = NO;
				MTL_FAST_MATH = YES;
				SDKROOT = iphoneos;
				SWIFT_COMPILATION_MODE = wholemodule;
				VALIDATE_PRODUCT = YES;
			};
			name = Release;
		};
		FE5BA3452BB49F02008A27F5 /* Debug */ = {
			isa = XCBuildConfiguration;
			buildSettings = {
				ASSETCATALOG_COMPILER_APPICON_NAME = AppIcon;
				ASSETCATALOG_COMPILER_GLOBAL_ACCENT_COLOR_NAME = AccentColor;
				CODE_SIGN_STYLE = Automatic;
				CURRENT_PROJECT_VERSION = 1;
				DEVELOPMENT_ASSET_PATHS = "\"ServiceApp/Preview Content\"";
				DEVELOPMENT_TEAM = 84HMKC95WY;
				ENABLE_PREVIEWS = YES;
				GENERATE_INFOPLIST_FILE = YES;
				INFOPLIST_KEY_UIApplicationSceneManifest_Generation = YES;
				INFOPLIST_KEY_UIApplicationSupportsIndirectInputEvents = YES;
				INFOPLIST_KEY_UILaunchScreen_Generation = YES;
				INFOPLIST_KEY_UISupportedInterfaceOrientations_iPad = "UIInterfaceOrientationPortrait UIInterfaceOrientationPortraitUpsideDown UIInterfaceOrientationLandscapeLeft UIInterfaceOrientationLandscapeRight";
				INFOPLIST_KEY_UISupportedInterfaceOrientations_iPhone = "UIInterfaceOrientationPortrait UIInterfaceOrientationLandscapeLeft UIInterfaceOrientationLandscapeRight";
				IPHONEOS_DEPLOYMENT_TARGET = 17.0;
				LD_RUNPATH_SEARCH_PATHS = (
					"$(inherited)",
					"@executable_path/Frameworks",
				);
				MARKETING_VERSION = 1.0;
				PRODUCT_BUNDLE_IDENTIFIER = Allison.ServiceApp;
				PRODUCT_NAME = "$(TARGET_NAME)";
				SWIFT_EMIT_LOC_STRINGS = YES;
				SWIFT_VERSION = 5.0;
				TARGETED_DEVICE_FAMILY = "1,2";
			};
			name = Debug;
		};
		FE5BA3462BB49F02008A27F5 /* Release */ = {
			isa = XCBuildConfiguration;
			buildSettings = {
				ASSETCATALOG_COMPILER_APPICON_NAME = AppIcon;
				ASSETCATALOG_COMPILER_GLOBAL_ACCENT_COLOR_NAME = AccentColor;
				CODE_SIGN_STYLE = Automatic;
				CURRENT_PROJECT_VERSION = 1;
				DEVELOPMENT_ASSET_PATHS = "\"ServiceApp/Preview Content\"";
				DEVELOPMENT_TEAM = 84HMKC95WY;
				ENABLE_PREVIEWS = YES;
				GENERATE_INFOPLIST_FILE = YES;
				INFOPLIST_KEY_UIApplicationSceneManifest_Generation = YES;
				INFOPLIST_KEY_UIApplicationSupportsIndirectInputEvents = YES;
				INFOPLIST_KEY_UILaunchScreen_Generation = YES;
				INFOPLIST_KEY_UISupportedInterfaceOrientations_iPad = "UIInterfaceOrientationPortrait UIInterfaceOrientationPortraitUpsideDown UIInterfaceOrientationLandscapeLeft UIInterfaceOrientationLandscapeRight";
				INFOPLIST_KEY_UISupportedInterfaceOrientations_iPhone = "UIInterfaceOrientationPortrait UIInterfaceOrientationLandscapeLeft UIInterfaceOrientationLandscapeRight";
				IPHONEOS_DEPLOYMENT_TARGET = 17.0;
				LD_RUNPATH_SEARCH_PATHS = (
					"$(inherited)",
					"@executable_path/Frameworks",
				);
				MARKETING_VERSION = 1.0;
				PRODUCT_BUNDLE_IDENTIFIER = Allison.ServiceApp;
				PRODUCT_NAME = "$(TARGET_NAME)";
				SWIFT_EMIT_LOC_STRINGS = YES;
				SWIFT_VERSION = 5.0;
				TARGETED_DEVICE_FAMILY = "1,2";
			};
			name = Release;
		};
/* End XCBuildConfiguration section */

/* Begin XCConfigurationList section */
		FE5BA3312BB49EFE008A27F5 /* Build configuration list for PBXProject "ServiceApp" */ = {
			isa = XCConfigurationList;
			buildConfigurations = (
				FE5BA3422BB49F02008A27F5 /* Debug */,
				FE5BA3432BB49F02008A27F5 /* Release */,
			);
			defaultConfigurationIsVisible = 0;
			defaultConfigurationName = Release;
		};
		FE5BA3442BB49F02008A27F5 /* Build configuration list for PBXNativeTarget "ServiceApp" */ = {
			isa = XCConfigurationList;
			buildConfigurations = (
				FE5BA3452BB49F02008A27F5 /* Debug */,
				FE5BA3462BB49F02008A27F5 /* Release */,
			);
			defaultConfigurationIsVisible = 0;
			defaultConfigurationName = Release;
		};
/* End XCConfigurationList section */

/* Begin XCRemoteSwiftPackageReference section */
		FE5BA34E2BB4A6B8008A27F5 /* XCRemoteSwiftPackageReference "Kingfisher" */ = {
			isa = XCRemoteSwiftPackageReference;
			repositoryURL = "https://github.com/onevcat/Kingfisher";
			requirement = {
				kind = upToNextMajorVersion;
				minimumVersion = 7.11.0;
			};
		};
/* End XCRemoteSwiftPackageReference section */

/* Begin XCSwiftPackageProductDependency section */
		FE5BA34F2BB4A6B8008A27F5 /* Kingfisher */ = {
			isa = XCSwiftPackageProductDependency;
			package = FE5BA34E2BB4A6B8008A27F5 /* XCRemoteSwiftPackageReference "Kingfisher" */;
			productName = Kingfisher;
		};
		FE5BA3512BB4A77B008A27F5 /* Kingfisher */ = {
			isa = XCSwiftPackageProductDependency;
			productName = Kingfisher;
		};
/* End XCSwiftPackageProductDependency section */
	};
	rootObject = FE5BA32E2BB49EFE008A27F5 /* Project object */;
}
